
Microsoft Visual Studio Solution File, Format Version 12.00
# Visual Studio Version 17
VisualStudioVersion = 17.11.35222.181
MinimumVisualStudioVersion = 10.0.40219.1
Project("{FAE04EC0-301F-11D3-BF4B-00C04F79EFBC}") = "Pk_lab1", "Pk_lab1.csproj", "{A5FC7953-1FA4-4537-86DE-4122A1650741}"
EndProject
Global
	GlobalSection(SolutionConfigurationPlatforms) = preSolution
		Debug|Any CPU = Debug|Any CPU
		Release|Any CPU = Release|Any CPU
	EndGlobalSection
	GlobalSection(ProjectConfigurationPlatforms) = postSolution
		{A5FC7953-1FA4-4537-86DE-4122A1650741}.Debug|Any CPU.ActiveCfg = Debug|Any CPU
		{A5FC7953-1FA4-4537-86DE-4122A1650741}.Debug|Any CPU.Build.0 = Debug|Any CPU
		{A5FC7953-1FA4-4537-86DE-4122A1650741}.Release|Any CPU.ActiveCfg = Release|Any CPU
		{A5FC7953-1FA4-4537-86DE-4122A1650741}.Release|Any CPU.Build.0 = Release|Any CPU
	EndGlobalSection
	GlobalSection(SolutionProperties) = preSolution
		HideSolutionNode = FALSE
	EndGlobalSection
	GlobalSection(ExtensibilityGlobals) = postSolution
		SolutionGuid = {3B472EFC-DC13-4A39-9811-092A539C83B7}
	EndGlobalSection
EndGlobal
